// !$*UTF8*$!
{
	archiveVersion = 1;
	classes = {
	};
	objectVersion = 50;
	objects = {

/* Begin PBXBuildFile section */
		1843943225BFCC8800F2D583 /* AppDelegate.swift in Sources */ = {isa = PBXBuildFile; fileRef = 1843943125BFCC8800F2D583 /* AppDelegate.swift */; };
		1843943425BFCC8800F2D583 /* SceneDelegate.swift in Sources */ = {isa = PBXBuildFile; fileRef = 1843943325BFCC8800F2D583 /* SceneDelegate.swift */; };
		1843943925BFCC8800F2D583 /* Main.storyboard in Resources */ = {isa = PBXBuildFile; fileRef = 1843943725BFCC8800F2D583 /* Main.storyboard */; };
		1843943B25BFCC8A00F2D583 /* Assets.xcassets in Resources */ = {isa = PBXBuildFile; fileRef = 1843943A25BFCC8A00F2D583 /* Assets.xcassets */; };
		1843943E25BFCC8A00F2D583 /* LaunchScreen.storyboard in Resources */ = {isa = PBXBuildFile; fileRef = 1843943C25BFCC8A00F2D583 /* LaunchScreen.storyboard */; };
		1843944625BFCDB800F2D583 /* RestaurantTableViewController.swift in Sources */ = {isa = PBXBuildFile; fileRef = 1843944525BFCDB800F2D583 /* RestaurantTableViewController.swift */; };
		1843944825BFD5BE00F2D583 /* RestaurantTableViewCell.swift in Sources */ = {isa = PBXBuildFile; fileRef = 1843944725BFD5BE00F2D583 /* RestaurantTableViewCell.swift */; };
/* End PBXBuildFile section */

/* Begin PBXFileReference section */
		1843942E25BFCC8800F2D583 /* 04_SimpleTable-2.app */ = {isa = PBXFileReference; explicitFileType = wrapper.application; includeInIndex = 0; path = "04_SimpleTable-2.app"; sourceTree = BUILT_PRODUCTS_DIR; };
		1843943125BFCC8800F2D583 /* AppDelegate.swift */ = {isa = PBXFileReference; lastKnownFileType = sourcecode.swift; path = AppDelegate.swift; sourceTree = "<group>"; };
		1843943325BFCC8800F2D583 /* SceneDelegate.swift */ = {isa = PBXFileReference; lastKnownFileType = sourcecode.swift; path = SceneDelegate.swift; sourceTree = "<group>"; };
		1843943825BFCC8800F2D583 /* Base */ = {isa = PBXFileReference; lastKnownFileType = file.storyboard; name = Base; path = Base.lproj/Main.storyboard; sourceTree = "<group>"; };
		1843943A25BFCC8A00F2D583 /* Assets.xcassets */ = {isa = PBXFileReference; lastKnownFileType = folder.assetcatalog; path = Assets.xcassets; sourceTree = "<group>"; };
		1843943D25BFCC8A00F2D583 /* Base */ = {isa = PBXFileReference; lastKnownFileType = file.storyboard; name = Base; path = Base.lproj/LaunchScreen.storyboard; sourceTree = "<group>"; };
		1843943F25BFCC8A00F2D583 /* Info.plist */ = {isa = PBXFileReference; lastKnownFileType = text.plist.xml; path = Info.plist; sourceTree = "<group>"; };
		1843944525BFCDB800F2D583 /* RestaurantTableViewController.swift */ = {isa = PBXFileReference; lastKnownFileType = sourcecode.swift; path = RestaurantTableViewController.swift; sourceTree = "<group>"; };
		1843944725BFD5BE00F2D583 /* RestaurantTableViewCell.swift */ = {isa = PBXFileReference; lastKnownFileType = sourcecode.swift; path = RestaurantTableViewCell.swift; sourceTree = "<group>"; };
/* End PBXFileReference section */

/* Begin PBXFrameworksBuildPhase section */
		1843942B25BFCC8800F2D583 /* Frameworks */ = {
			isa = PBXFrameworksBuildPhase;
			buildActionMask = 2147483647;
			files = (
			);
			runOnlyForDeploymentPostprocessing = 0;
		};
/* End PBXFrameworksBuildPhase section */

/* Begin PBXGroup section */
		1843942525BFCC8800F2D583 = {
			isa = PBXGroup;
			children = (
				1843943025BFCC8800F2D583 /* 04_SimpleTable-2 */,
				1843942F25BFCC8800F2D583 /* Products */,
			);
			sourceTree = "<group>";
		};
		1843942F25BFCC8800F2D583 /* Products */ = {
			isa = PBXGroup;
			children = (
				1843942E25BFCC8800F2D583 /* 04_SimpleTable-2.app */,
			);
			name = Products;
			sourceTree = "<group>";
		};
		1843943025BFCC8800F2D583 /* 04_SimpleTable-2 */ = {
			isa = PBXGroup;
			children = (
				1843943125BFCC8800F2D583 /* AppDelegate.swift */,
				1843943325BFCC8800F2D583 /* SceneDelegate.swift */,
				1843943725BFCC8800F2D583 /* Main.storyboard */,
				1843943A25BFCC8A00F2D583 /* Assets.xcassets */,
				1843943C25BFCC8A00F2D583 /* LaunchScreen.storyboard */,
				1843943F25BFCC8A00F2D583 /* Info.plist */,
				1843944525BFCDB800F2D583 /* RestaurantTableViewController.swift */,
				1843944725BFD5BE00F2D583 /* RestaurantTableViewCell.swift */,
			);
			path = "04_SimpleTable-2";
			sourceTree = "<group>";
		};
/* End PBXGroup section */

/* Begin PBXNativeTarget section */
		1843942D25BFCC8800F2D583 /* 04_SimpleTable-2 */ = {
			isa = PBXNativeTarget;
			buildConfigurationList = 1843944225BFCC8A00F2D583 /* Build configuration list for PBXNativeTarget "04_SimpleTable-2" */;
			buildPhases = (
				1843942A25BFCC8800F2D583 /* Sources */,
				1843942B25BFCC8800F2D583 /* Frameworks */,
				1843942C25BFCC8800F2D583 /* Resources */,
			);
			buildRules = (
			);
			dependencies = (
			);
			name = "04_SimpleTable-2";
			productName = "04_SimpleTable-2";
			productReference = 1843942E25BFCC8800F2D583 /* 04_SimpleTable-2.app */;
			productType = "com.apple.product-type.application";
		};
/* End PBXNativeTarget section */

/* Begin PBXProject section */
		1843942625BFCC8800F2D583 /* Project object */ = {
			isa = PBXProject;
			attributes = {
				LastSwiftUpdateCheck = 1160;
				LastUpgradeCheck = 1160;
				ORGANIZATIONNAME = ArielKo;
				TargetAttributes = {
					1843942D25BFCC8800F2D583 = {
						CreatedOnToolsVersion = 11.6;
					};
				};
			};
			buildConfigurationList = 1843942925BFCC8800F2D583 /* Build configuration list for PBXProject "04_SimpleTable-2" */;
			compatibilityVersion = "Xcode 9.3";
			developmentRegion = en;
			hasScannedForEncodings = 0;
			knownRegions = (
				en,
				Base,
			);
			mainGroup = 1843942525BFCC8800F2D583;
			productRefGroup = 1843942F25BFCC8800F2D583 /* Products */;
			projectDirPath = "";
			projectRoot = "";
			targets = (
				1843942D25BFCC8800F2D583 /* 04_SimpleTable-2 */,
			);
		};
/* End PBXProject section */

/* Begin PBXResourcesBuildPhase section */
		1843942C25BFCC8800F2D583 /* Resources */ = {
			isa = PBXResourcesBuildPhase;
			buildActionMask = 2147483647;
			files = (
				1843943E25BFCC8A00F2D583 /* LaunchScreen.storyboard in Resources */,
				1843943B25BFCC8A00F2D583 /* Assets.xcassets in Resources */,
				1843943925BFCC8800F2D583 /* Main.storyboard in Resources */,
			);
			runOnlyForDeploymentPostprocessing = 0;
		};
/* End PBXResourcesBuildPhase section */

/* Begin PBXSourcesBuildPhase section */
		1843942A25BFCC8800F2D583 /* Sources */ = {
			isa = PBXSourcesBuildPhase;
			buildActionMask = 2147483647;
			files = (
				1843944825BFD5BE00F2D583 /* RestaurantTableViewCell.swift in Sources */,
				1843943225BFCC8800F2D583 /* AppDelegate.swift in Sources */,
				1843943425BFCC8800F2D583 /* SceneDelegate.swift in Sources */,
				1843944625BFCDB800F2D583 /* RestaurantTableViewController.swift in Sources */,
			);
			runOnlyForDeploymentPostprocessing = 0;
		};
/* End PBXSourcesBuildPhase section */

/* Begin PBXVariantGroup section */
		1843943725BFCC8800F2D583 /* Main.storyboard */ = {
			isa = PBXVariantGroup;
			children = (
				1843943825BFCC8800F2D583 /* Base */,
			);
			name = Main.storyboard;
			sourceTree = "<group>";
		};
		1843943C25BFCC8A00F2D583 /* LaunchScreen.storyboard */ = {
			isa = PBXVariantGroup;
			children = (
				1843943D25BFCC8A00F2D583 /* Base */,
			);
			name = LaunchScreen.storyboard;
			sourceTree = "<group>";
		};
/* End PBXVariantGroup section */

/* Begin XCBuildConfiguration section */
		1843944025BFCC8A00F2D583 /* Debug */ = {
			isa = XCBuildConfiguration;
			buildSettings = {
				ALWAYS_SEARCH_USER_PATHS = NO;
				CLANG_ANALYZER_NONNULL = YES;
				CLANG_ANALYZER_NUMBER_OBJECT_CONVERSION = YES_AGGRESSIVE;
				CLANG_CXX_LANGUAGE_STANDARD = "gnu++14";
				CLANG_CXX_LIBRARY = "libc++";
				CLANG_ENABLE_MODULES = YES;
				CLANG_ENABLE_OBJC_ARC = YES;
				CLANG_ENABLE_OBJC_WEAK = YES;
				CLANG_WARN_BLOCK_CAPTURE_AUTORELEASING = YES;
				CLANG_WARN_BOOL_CONVERSION = YES;
				CLANG_WARN_COMMA = YES;
				CLANG_WARN_CONSTANT_CONVERSION = YES;
				CLANG_WARN_DEPRECATED_OBJC_IMPLEMENTATIONS = YES;
				CLANG_WARN_DIRECT_OBJC_ISA_USAGE = YES_ERROR;
				CLANG_WARN_DOCUMENTATION_COMMENTS = YES;
				CLANG_WARN_EMPTY_BODY = YES;
				CLANG_WARN_ENUM_CONVERSION = YES;
				CLANG_WARN_INFINITE_RECURSION = YES;
				CLANG_WARN_INT_CONVERSION = YES;
				CLANG_WARN_NON_LITERAL_NULL_CONVERSION = YES;
				CLANG_WARN_OBJC_IMPLICIT_RETAIN_SELF = YES;
				CLANG_WARN_OBJC_LITERAL_CONVERSION = YES;
				CLANG_WARN_OBJC_ROOT_CLASS = YES_ERROR;
				CLANG_WARN_RANGE_LOOP_ANALYSIS = YES;
				CLANG_WARN_STRICT_PROTOTYPES = YES;
				CLANG_WARN_SUSPICIOUS_MOVE = YES;
				CLANG_WARN_UNGUARDED_AVAILABILITY = YES_AGGRESSIVE;
				CLANG_WARN_UNREACHABLE_CODE = YES;
				CLANG_WARN__DUPLICATE_METHOD_MATCH = YES;
				COPY_PHASE_STRIP = NO;
				DEBUG_INFORMATION_FORMAT = dwarf;
				ENABLE_STRICT_OBJC_MSGSEND = YES;
				ENABLE_TESTABILITY = YES;
				GCC_C_LANGUAGE_STANDARD = gnu11;
				GCC_DYNAMIC_NO_PIC = NO;
				GCC_NO_COMMON_BLOCKS = YES;
				GCC_OPTIMIZATION_LEVEL = 0;
				GCC_PREPROCESSOR_DEFINITIONS = (
					"DEBUG=1",
					"$(inherited)",
				);
				GCC_WARN_64_TO_32_BIT_CONVERSION = YES;
				GCC_WARN_ABOUT_RETURN_TYPE = YES_ERROR;
				GCC_WARN_UNDECLARED_SELECTOR = YES;
				GCC_WARN_UNINITIALIZED_AUTOS = YES_AGGRESSIVE;
				GCC_WARN_UNUSED_FUNCTION = YES;
				GCC_WARN_UNUSED_VARIABLE = YES;
				IPHONEOS_DEPLOYMENT_TARGET = 13.6;
				MTL_ENABLE_DEBUG_INFO = INCLUDE_SOURCE;
				MTL_FAST_MATH = YES;
				ONLY_ACTIVE_ARCH = YES;
				SDKROOT = iphoneos;
				SWIFT_ACTIVE_COMPILATION_CONDITIONS = DEBUG;
				SWIFT_OPTIMIZATION_LEVEL = "-Onone";
			};
			name = Debug;
		};
		1843944125BFCC8A00F2D583 /* Release */ = {
			isa = XCBuildConfiguration;
			buildSettings = {
				ALWAYS_SEARCH_USER_PATHS = NO;
				CLANG_ANALYZER_NONNULL = YES;
				CLANG_ANALYZER_NUMBER_OBJECT_CONVERSION = YES_AGGRESSIVE;
				CLANG_CXX_LANGUAGE_STANDARD = "gnu++14";
				CLANG_CXX_LIBRARY = "libc++";
				CLANG_ENABLE_MODULES = YES;
				CLANG_ENABLE_OBJC_ARC = YES;
				CLANG_ENABLE_OBJC_WEAK = YES;
				CLANG_WARN_BLOCK_CAPTURE_AUTORELEASING = YES;
				CLANG_WARN_BOOL_CONVERSION = YES;
				CLANG_WARN_COMMA = YES;
				CLANG_WARN_CONSTANT_CONVERSION = YES;
				CLANG_WARN_DEPRECATED_OBJC_IMPLEMENTATIONS = YES;
				CLANG_WARN_DIRECT_OBJC_ISA_USAGE = YES_ERROR;
				CLANG_WARN_DOCUMENTATION_COMMENTS = YES;
				CLANG_WARN_EMPTY_BODY = YES;
				CLANG_WARN_ENUM_CONVERSION = YES;
				CLANG_WARN_INFINITE_RECURSION = YES;
				CLANG_WARN_INT_CONVERSION = YES;
				CLANG_WARN_NON_LITERAL_NULL_CONVERSION = YES;
				CLANG_WARN_OBJC_IMPLICIT_RETAIN_SELF = YES;
				CLANG_WARN_OBJC_LITERAL_CONVERSION = YES;
				CLANG_WARN_OBJC_ROOT_CLASS = YES_ERROR;
				CLANG_WARN_RANGE_LOOP_ANALYSIS = YES;
				CLANG_WARN_STRICT_PROTOTYPES = YES;
				CLANG_WARN_SUSPICIOUS_MOVE = YES;
				CLANG_WARN_UNGUARDED_AVAILABILITY = YES_AGGRESSIVE;
				CLANG_WARN_UNREACHABLE_CODE = YES;
				CLANG_WARN__DUPLICATE_METHOD_MATCH = YES;
				COPY_PHASE_STRIP = NO;
				DEBUG_INFORMATION_FORMAT = "dwarf-with-dsym";
				ENABLE_NS_ASSERTIONS = NO;
				ENABLE_STRICT_OBJC_MSGSEND = YES;
				GCC_C_LANGUAGE_STANDARD = gnu11;
				GCC_NO_COMMON_BLOCKS = YES;
				GCC_WARN_64_TO_32_BIT_CONVERSION = YES;
				GCC_WARN_ABOUT_RETURN_TYPE = YES_ERROR;
				GCC_WARN_UNDECLARED_SELECTOR = YES;
				GCC_WARN_UNINITIALIZED_AUTOS = YES_AGGRESSIVE;
				GCC_WARN_UNUSED_FUNCTION = YES;
				GCC_WARN_UNUSED_VARIABLE = YES;
				IPHONEOS_DEPLOYMENT_TARGET = 13.6;
				MTL_ENABLE_DEBUG_INFO = NO;
				MTL_FAST_MATH = YES;
				SDKROOT = iphoneos;
				SWIFT_COMPILATION_MODE = wholemodule;
				SWIFT_OPTIMIZATION_LEVEL = "-O";
				VALIDATE_PRODUCT = YES;
			};
			name = Release;
		};
		1843944325BFCC8A00F2D583 /* Debug */ = {
			isa = XCBuildConfiguration;
			buildSettings = {
				ASSETCATALOG_COMPILER_APPICON_NAME = AppIcon;
				CODE_SIGN_STYLE = Automatic;
				INFOPLIST_FILE = "04_SimpleTable-2/Info.plist";
				LD_RUNPATH_SEARCH_PATHS = (
					"$(inherited)",
					"@executable_path/Frameworks",
				);
				PRODUCT_BUNDLE_IDENTIFIER = "com.ArielKo.S9-Homework--2";
				PRODUCT_NAME = "$(TARGET_NAME)";
				SWIFT_VERSION = 5.0;
				TARGETED_DEVICE_FAMILY = "1,2";
			};
			name = Debug;
		};
		1843944425BFCC8A00F2D583 /* Release */ = {
			isa = XCBuildConfiguration;
			buildSettings = {
				ASSETCATALOG_COMPILER_APPICON_NAME = AppIcon;
				CODE_SIGN_STYLE = Automatic;
				INFOPLIST_FILE = "04_SimpleTable-2/Info.plist";
				LD_RUNPATH_SEARCH_PATHS = (
					"$(inherited)",
					"@executable_path/Frameworks",
				);
				PRODUCT_BUNDLE_IDENTIFIER = "com.ArielKo.S9-Homework--2";
				PRODUCT_NAME = "$(TARGET_NAME)";
				SWIFT_VERSION = 5.0;
				TARGETED_DEVICE_FAMILY = "1,2";
			};
			name = Release;
		};
/* End XCBuildConfiguration section */

/* Begin XCConfigurationList section */
		1843942925BFCC8800F2D583 /* Build configuration list for PBXProject "04_SimpleTable-2" */ = {
			isa = XCConfigurationList;
			buildConfigurations = (
				1843944025BFCC8A00F2D583 /* Debug */,
				1843944125BFCC8A00F2D583 /* Release */,
			);
			defaultConfigurationIsVisible = 0;
			defaultConfigurationName = Release;
		};
		1843944225BFCC8A00F2D583 /* Build configuration list for PBXNativeTarget "04_SimpleTable-2" */ = {
			isa = XCConfigurationList;
			buildConfigurations = (
				1843944325BFCC8A00F2D583 /* Debug */,
				1843944425BFCC8A00F2D583 /* Release */,
			);
			defaultConfigurationIsVisible = 0;
			defaultConfigurationName = Release;
		};
/* End XCConfigurationList section */
	};
	rootObject = 1843942625BFCC8800F2D583 /* Project object */;
}
