// !$*UTF8*$!
{
	archiveVersion = 1;
	classes = {
	};
	objectVersion = 50;
	objects = {

/* Begin PBXBuildFile section */
		1801308425BEB28100A2C9CB /* AppDelegate.swift in Sources */ = {isa = PBXBuildFile; fileRef = 1801308325BEB28100A2C9CB /* AppDelegate.swift */; };
		1801308625BEB28100A2C9CB /* SceneDelegate.swift in Sources */ = {isa = PBXBuildFile; fileRef = 1801308525BEB28100A2C9CB /* SceneDelegate.swift */; };
		1801308825BEB28100A2C9CB /* ViewController.swift in Sources */ = {isa = PBXBuildFile; fileRef = 1801308725BEB28100A2C9CB /* ViewController.swift */; };
		1801308B25BEB28100A2C9CB /* Main.storyboard in Resources */ = {isa = PBXBuildFile; fileRef = 1801308925BEB28100A2C9CB /* Main.storyboard */; };
		1801308D25BEB28300A2C9CB /* Assets.xcassets in Resources */ = {isa = PBXBuildFile; fileRef = 1801308C25BEB28300A2C9CB /* Assets.xcassets */; };
		1801309025BEB28300A2C9CB /* LaunchScreen.storyboard in Resources */ = {isa = PBXBuildFile; fileRef = 1801308E25BEB28300A2C9CB /* LaunchScreen.storyboard */; };
/* End PBXBuildFile section */

/* Begin PBXFileReference section */
		1801308025BEB28100A2C9CB /* 04_SimpleTable.app */ = {isa = PBXFileReference; explicitFileType = wrapper.application; includeInIndex = 0; path = 04_SimpleTable.app; sourceTree = BUILT_PRODUCTS_DIR; };
		1801308325BEB28100A2C9CB /* AppDelegate.swift */ = {isa = PBXFileReference; lastKnownFileType = sourcecode.swift; path = AppDelegate.swift; sourceTree = "<group>"; };
		1801308525BEB28100A2C9CB /* SceneDelegate.swift */ = {isa = PBXFileReference; lastKnownFileType = sourcecode.swift; path = SceneDelegate.swift; sourceTree = "<group>"; };
		1801308725BEB28100A2C9CB /* ViewController.swift */ = {isa = PBXFileReference; lastKnownFileType = sourcecode.swift; path = ViewController.swift; sourceTree = "<group>"; };
		1801308A25BEB28100A2C9CB /* Base */ = {isa = PBXFileReference; lastKnownFileType = file.storyboard; name = Base; path = Base.lproj/Main.storyboard; sourceTree = "<group>"; };
		1801308C25BEB28300A2C9CB /* Assets.xcassets */ = {isa = PBXFileReference; lastKnownFileType = folder.assetcatalog; path = Assets.xcassets; sourceTree = "<group>"; };
		1801308F25BEB28300A2C9CB /* Base */ = {isa = PBXFileReference; lastKnownFileType = file.storyboard; name = Base; path = Base.lproj/LaunchScreen.storyboard; sourceTree = "<group>"; };
		1801309125BEB28300A2C9CB /* Info.plist */ = {isa = PBXFileReference; lastKnownFileType = text.plist.xml; path = Info.plist; sourceTree = "<group>"; };
/* End PBXFileReference section */

/* Begin PBXFrameworksBuildPhase section */
		1801307D25BEB28100A2C9CB /* Frameworks */ = {
			isa = PBXFrameworksBuildPhase;
			buildActionMask = 2147483647;
			files = (
			);
			runOnlyForDeploymentPostprocessing = 0;
		};
/* End PBXFrameworksBuildPhase section */

/* Begin PBXGroup section */
		1801307725BEB28100A2C9CB = {
			isa = PBXGroup;
			children = (
				1801308225BEB28100A2C9CB /* 04_SimpleTable */,
				1801308125BEB28100A2C9CB /* Products */,
			);
			sourceTree = "<group>";
		};
		1801308125BEB28100A2C9CB /* Products */ = {
			isa = PBXGroup;
			children = (
				1801308025BEB28100A2C9CB /* 04_SimpleTable.app */,
			);
			name = Products;
			sourceTree = "<group>";
		};
		1801308225BEB28100A2C9CB /* 04_SimpleTable */ = {
			isa = PBXGroup;
			children = (
				1801308325BEB28100A2C9CB /* AppDelegate.swift */,
				1801308525BEB28100A2C9CB /* SceneDelegate.swift */,
				1801308725BEB28100A2C9CB /* ViewController.swift */,
				1801308925BEB28100A2C9CB /* Main.storyboard */,
				1801308C25BEB28300A2C9CB /* Assets.xcassets */,
				1801308E25BEB28300A2C9CB /* LaunchScreen.storyboard */,
				1801309125BEB28300A2C9CB /* Info.plist */,
			);
			path = "04_SimpleTable";
			sourceTree = "<group>";
		};
/* End PBXGroup section */

/* Begin PBXNativeTarget section */
		1801307F25BEB28100A2C9CB /* 04_SimpleTable */ = {
			isa = PBXNativeTarget;
			buildConfigurationList = 1801309425BEB28300A2C9CB /* Build configuration list for PBXNativeTarget "04_SimpleTable" */;
			buildPhases = (
				1801307C25BEB28100A2C9CB /* Sources */,
				1801307D25BEB28100A2C9CB /* Frameworks */,
				1801307E25BEB28100A2C9CB /* Resources */,
			);
			buildRules = (
			);
			dependencies = (
			);
			name = 04_SimpleTable;
			productName = "04_SimpleTable";
			productReference = 1801308025BEB28100A2C9CB /* 04_SimpleTable.app */;
			productType = "com.apple.product-type.application";
		};
/* End PBXNativeTarget section */

/* Begin PBXProject section */
		1801307825BEB28100A2C9CB /* Project object */ = {
			isa = PBXProject;
			attributes = {
				LastSwiftUpdateCheck = 1160;
				LastUpgradeCheck = 1160;
				ORGANIZATIONNAME = ArielKo;
				TargetAttributes = {
					1801307F25BEB28100A2C9CB = {
						CreatedOnToolsVersion = 11.6;
					};
				};
			};
			buildConfigurationList = 1801307B25BEB28100A2C9CB /* Build configuration list for PBXProject "04_SimpleTable" */;
			compatibilityVersion = "Xcode 9.3";
			developmentRegion = en;
			hasScannedForEncodings = 0;
			knownRegions = (
				en,
				Base,
			);
			mainGroup = 1801307725BEB28100A2C9CB;
			productRefGroup = 1801308125BEB28100A2C9CB /* Products */;
			projectDirPath = "";
			projectRoot = "";
			targets = (
				1801307F25BEB28100A2C9CB /* 04_SimpleTable */,
			);
		};
/* End PBXProject section */

/* Begin PBXResourcesBuildPhase section */
		1801307E25BEB28100A2C9CB /* Resources */ = {
			isa = PBXResourcesBuildPhase;
			buildActionMask = 2147483647;
			files = (
				1801309025BEB28300A2C9CB /* LaunchScreen.storyboard in Resources */,
				1801308D25BEB28300A2C9CB /* Assets.xcassets in Resources */,
				1801308B25BEB28100A2C9CB /* Main.storyboard in Resources */,
			);
			runOnlyForDeploymentPostprocessing = 0;
		};
/* End PBXResourcesBuildPhase section */

/* Begin PBXSourcesBuildPhase section */
		1801307C25BEB28100A2C9CB /* Sources */ = {
			isa = PBXSourcesBuildPhase;
			buildActionMask = 2147483647;
			files = (
				1801308825BEB28100A2C9CB /* ViewController.swift in Sources */,
				1801308425BEB28100A2C9CB /* AppDelegate.swift in Sources */,
				1801308625BEB28100A2C9CB /* SceneDelegate.swift in Sources */,
			);
			runOnlyForDeploymentPostprocessing = 0;
		};
/* End PBXSourcesBuildPhase section */

/* Begin PBXVariantGroup section */
		1801308925BEB28100A2C9CB /* Main.storyboard */ = {
			isa = PBXVariantGroup;
			children = (
				1801308A25BEB28100A2C9CB /* Base */,
			);
			name = Main.storyboard;
			sourceTree = "<group>";
		};
		1801308E25BEB28300A2C9CB /* LaunchScreen.storyboard */ = {
			isa = PBXVariantGroup;
			children = (
				1801308F25BEB28300A2C9CB /* Base */,
			);
			name = LaunchScreen.storyboard;
			sourceTree = "<group>";
		};
/* End PBXVariantGroup section */

/* Begin XCBuildConfiguration section */
		1801309225BEB28300A2C9CB /* Debug */ = {
			isa = XCBuildConfiguration;
			buildSettings = {
				ALWAYS_SEARCH_USER_PATHS = NO;
				CLANG_ANALYZER_NONNULL = YES;
				CLANG_ANALYZER_NUMBER_OBJECT_CONVERSION = YES_AGGRESSIVE;
				CLANG_CXX_LANGUAGE_STANDARD = "gnu++14";
				CLANG_CXX_LIBRARY = "libc++";
				CLANG_ENABLE_MODULES = YES;
				CLANG_ENABLE_OBJC_ARC = YES;
				CLANG_ENABLE_OBJC_WEAK = YES;
				CLANG_WARN_BLOCK_CAPTURE_AUTORELEASING = YES;
				CLANG_WARN_BOOL_CONVERSION = YES;
				CLANG_WARN_COMMA = YES;
				CLANG_WARN_CONSTANT_CONVERSION = YES;
				CLANG_WARN_DEPRECATED_OBJC_IMPLEMENTATIONS = YES;
				CLANG_WARN_DIRECT_OBJC_ISA_USAGE = YES_ERROR;
				CLANG_WARN_DOCUMENTATION_COMMENTS = YES;
				CLANG_WARN_EMPTY_BODY = YES;
				CLANG_WARN_ENUM_CONVERSION = YES;
				CLANG_WARN_INFINITE_RECURSION = YES;
				CLANG_WARN_INT_CONVERSION = YES;
				CLANG_WARN_NON_LITERAL_NULL_CONVERSION = YES;
				CLANG_WARN_OBJC_IMPLICIT_RETAIN_SELF = YES;
				CLANG_WARN_OBJC_LITERAL_CONVERSION = YES;
				CLANG_WARN_OBJC_ROOT_CLASS = YES_ERROR;
				CLANG_WARN_RANGE_LOOP_ANALYSIS = YES;
				CLANG_WARN_STRICT_PROTOTYPES = YES;
				CLANG_WARN_SUSPICIOUS_MOVE = YES;
				CLANG_WARN_UNGUARDED_AVAILABILITY = YES_AGGRESSIVE;
				CLANG_WARN_UNREACHABLE_CODE = YES;
				CLANG_WARN__DUPLICATE_METHOD_MATCH = YES;
				COPY_PHASE_STRIP = NO;
				DEBUG_INFORMATION_FORMAT = dwarf;
				ENABLE_STRICT_OBJC_MSGSEND = YES;
				ENABLE_TESTABILITY = YES;
				GCC_C_LANGUAGE_STANDARD = gnu11;
				GCC_DYNAMIC_NO_PIC = NO;
				GCC_NO_COMMON_BLOCKS = YES;
				GCC_OPTIMIZATION_LEVEL = 0;
				GCC_PREPROCESSOR_DEFINITIONS = (
					"DEBUG=1",
					"$(inherited)",
				);
				GCC_WARN_64_TO_32_BIT_CONVERSION = YES;
				GCC_WARN_ABOUT_RETURN_TYPE = YES_ERROR;
				GCC_WARN_UNDECLARED_SELECTOR = YES;
				GCC_WARN_UNINITIALIZED_AUTOS = YES_AGGRESSIVE;
				GCC_WARN_UNUSED_FUNCTION = YES;
				GCC_WARN_UNUSED_VARIABLE = YES;
				IPHONEOS_DEPLOYMENT_TARGET = 13.6;
				MTL_ENABLE_DEBUG_INFO = INCLUDE_SOURCE;
				MTL_FAST_MATH = YES;
				ONLY_ACTIVE_ARCH = YES;
				SDKROOT = iphoneos;
				SWIFT_ACTIVE_COMPILATION_CONDITIONS = DEBUG;
				SWIFT_OPTIMIZATION_LEVEL = "-Onone";
			};
			name = Debug;
		};
		1801309325BEB28300A2C9CB /* Release */ = {
			isa = XCBuildConfiguration;
			buildSettings = {
				ALWAYS_SEARCH_USER_PATHS = NO;
				CLANG_ANALYZER_NONNULL = YES;
				CLANG_ANALYZER_NUMBER_OBJECT_CONVERSION = YES_AGGRESSIVE;
				CLANG_CXX_LANGUAGE_STANDARD = "gnu++14";
				CLANG_CXX_LIBRARY = "libc++";
				CLANG_ENABLE_MODULES = YES;
				CLANG_ENABLE_OBJC_ARC = YES;
				CLANG_ENABLE_OBJC_WEAK = YES;
				CLANG_WARN_BLOCK_CAPTURE_AUTORELEASING = YES;
				CLANG_WARN_BOOL_CONVERSION = YES;
				CLANG_WARN_COMMA = YES;
				CLANG_WARN_CONSTANT_CONVERSION = YES;
				CLANG_WARN_DEPRECATED_OBJC_IMPLEMENTATIONS = YES;
				CLANG_WARN_DIRECT_OBJC_ISA_USAGE = YES_ERROR;
				CLANG_WARN_DOCUMENTATION_COMMENTS = YES;
				CLANG_WARN_EMPTY_BODY = YES;
				CLANG_WARN_ENUM_CONVERSION = YES;
				CLANG_WARN_INFINITE_RECURSION = YES;
				CLANG_WARN_INT_CONVERSION = YES;
				CLANG_WARN_NON_LITERAL_NULL_CONVERSION = YES;
				CLANG_WARN_OBJC_IMPLICIT_RETAIN_SELF = YES;
				CLANG_WARN_OBJC_LITERAL_CONVERSION = YES;
				CLANG_WARN_OBJC_ROOT_CLASS = YES_ERROR;
				CLANG_WARN_RANGE_LOOP_ANALYSIS = YES;
				CLANG_WARN_STRICT_PROTOTYPES = YES;
				CLANG_WARN_SUSPICIOUS_MOVE = YES;
				CLANG_WARN_UNGUARDED_AVAILABILITY = YES_AGGRESSIVE;
				CLANG_WARN_UNREACHABLE_CODE = YES;
				CLANG_WARN__DUPLICATE_METHOD_MATCH = YES;
				COPY_PHASE_STRIP = NO;
				DEBUG_INFORMATION_FORMAT = "dwarf-with-dsym";
				ENABLE_NS_ASSERTIONS = NO;
				ENABLE_STRICT_OBJC_MSGSEND = YES;
				GCC_C_LANGUAGE_STANDARD = gnu11;
				GCC_NO_COMMON_BLOCKS = YES;
				GCC_WARN_64_TO_32_BIT_CONVERSION = YES;
				GCC_WARN_ABOUT_RETURN_TYPE = YES_ERROR;
				GCC_WARN_UNDECLARED_SELECTOR = YES;
				GCC_WARN_UNINITIALIZED_AUTOS = YES_AGGRESSIVE;
				GCC_WARN_UNUSED_FUNCTION = YES;
				GCC_WARN_UNUSED_VARIABLE = YES;
				IPHONEOS_DEPLOYMENT_TARGET = 13.6;
				MTL_ENABLE_DEBUG_INFO = NO;
				MTL_FAST_MATH = YES;
				SDKROOT = iphoneos;
				SWIFT_COMPILATION_MODE = wholemodule;
				SWIFT_OPTIMIZATION_LEVEL = "-O";
				VALIDATE_PRODUCT = YES;
			};
			name = Release;
		};
		1801309525BEB28300A2C9CB /* Debug */ = {
			isa = XCBuildConfiguration;
			buildSettings = {
				ASSETCATALOG_COMPILER_APPICON_NAME = AppIcon;
				CODE_SIGN_STYLE = Automatic;
				INFOPLIST_FILE = "04_SimpleTable/Info.plist";
				LD_RUNPATH_SEARCH_PATHS = (
					"$(inherited)",
					"@executable_path/Frameworks",
				);
				PRODUCT_BUNDLE_IDENTIFIER = "com.ArielKo.S8-Homework--1";
				PRODUCT_NAME = "$(TARGET_NAME)";
				SWIFT_VERSION = 5.0;
				TARGETED_DEVICE_FAMILY = "1,2";
			};
			name = Debug;
		};
		1801309625BEB28300A2C9CB /* Release */ = {
			isa = XCBuildConfiguration;
			buildSettings = {
				ASSETCATALOG_COMPILER_APPICON_NAME = AppIcon;
				CODE_SIGN_STYLE = Automatic;
				INFOPLIST_FILE = "04_SimpleTable/Info.plist";
				LD_RUNPATH_SEARCH_PATHS = (
					"$(inherited)",
					"@executable_path/Frameworks",
				);
				PRODUCT_BUNDLE_IDENTIFIER = "com.ArielKo.S8-Homework--1";
				PRODUCT_NAME = "$(TARGET_NAME)";
				SWIFT_VERSION = 5.0;
				TARGETED_DEVICE_FAMILY = "1,2";
			};
			name = Release;
		};
/* End XCBuildConfiguration section */

/* Begin XCConfigurationList section */
		1801307B25BEB28100A2C9CB /* Build configuration list for PBXProject "04_SimpleTable" */ = {
			isa = XCConfigurationList;
			buildConfigurations = (
				1801309225BEB28300A2C9CB /* Debug */,
				1801309325BEB28300A2C9CB /* Release */,
			);
			defaultConfigurationIsVisible = 0;
			defaultConfigurationName = Release;
		};
		1801309425BEB28300A2C9CB /* Build configuration list for PBXNativeTarget "04_SimpleTable" */ = {
			isa = XCConfigurationList;
			buildConfigurations = (
				1801309525BEB28300A2C9CB /* Debug */,
				1801309625BEB28300A2C9CB /* Release */,
			);
			defaultConfigurationIsVisible = 0;
			defaultConfigurationName = Release;
		};
/* End XCConfigurationList section */
	};
	rootObject = 1801307825BEB28100A2C9CB /* Project object */;
}
